{
  "object": {
    "pins": [
      {
        "package": "AppLovinSDK",
        "repositoryURL": "https://github.com/AppLovin/AppLovin-MAX-Swift-Package.git",
        "state": {
          "branch": null,
          "revision": "1ca0fb386a0b49c6ae10b9941e335dbabb252b61",
          "version": "11.10.1"
        }
      },
      {
        "package": "GoogleAppMeasurement",
        "repositoryURL": "https://github.com/google/GoogleAppMeasurement.git",
        "state": {
          "branch": null,
          "revision": "03b9beee1a61f62d32c521e172e192a1663a5e8b",
          "version": "10.13.0"
        }
      },
      {
        "package": "GoogleUtilities",
        "repositoryURL": "https://github.com/google/GoogleUtilities.git",
        "state": {
          "branch": null,
          "revision": "c38ce365d77b04a9a300c31061c5227589e5597b",
          "version": "7.11.5"
        }
      },
      {
        "package": "nanopb",
        "repositoryURL": "https://github.com/firebase/nanopb.git",
        "state": {
          "branch": null,
          "revision": "819d0a2173aff699fb8c364b6fb906f7cdb1a692",
          "version": "2.30909.0"
        }
      },
      {
        "package": "Promises",
        "repositoryURL": "https://github.com/google/promises.git",
        "state": {
          "branch": null,
          "revision": "e70e889c0196c76d22759eb50d6a0270ca9f1d9e",
          "version": "2.3.1"
        }
      },
      {
        "package": "SASDisplayKit",
        "repositoryURL": "https://github.com/smartadserver/swift-package-manager-display-sdk.git",
        "state": {
          "branch": null,
          "revision": "2189ade6ae367d93068036f22235584349475d9e",
          "version": "7.23.1"
        }
      },
      {
        "package": "GoogleMobileAds",
        "repositoryURL": "https://github.com/googleads/swift-package-manager-google-mobile-ads",
        "state": {
          "branch": null,
          "revision": "7e0376baab6255cede3cfeb9d2ca47ffa69a6a06",
          "version": "10.11.0"
        }
      },
      {
        "package": "GoogleUserMessagingPlatform",
        "repositoryURL": "https://github.com/googleads/swift-package-manager-google-user-messaging-platform.git",
        "state": {
          "branch": null,
          "revision": "129fa838520cd02174f890ae0cfe0242e60714ae",
          "version": "2.1.0"
        }
      },
      {
        "package": "Teads",
        "repositoryURL": "https://github.com/teads/TeadsSDK-iOS",
        "state": {
          "branch": null,
          "revision": "b42ba6799e1f8fef9a20f0dde2a9045589f8e6c4",
          "version": "5.0.27"
        }
      }
    ]
  },
  "version": 1
}
