{
  "object": {
    "pins": [
      {
        "package": "AppLovinSDK",
        "repositoryURL": "https://github.com/AppLovin/AppLovin-MAX-Swift-Package.git",
        "state": {
          "branch": null,
          "revision": "f3262b826f5f1980f93f6bb0f245eb4588a6208f",
          "version": "12.4.1"
        }
      },
      {
        "package": "GoogleMobileAds",
        "repositoryURL": "https://github.com/googleads/swift-package-manager-google-mobile-ads",
        "state": {
          "branch": null,
          "revision": "9ab66e38f5f0c2d02f2b024b1babd880130f19bf",
          "version": "11.3.0"
        }
      },
      {
        "package": "GoogleUserMessagingPlatform",
        "repositoryURL": "https://github.com/googleads/swift-package-manager-google-user-messaging-platform.git",
        "state": {
          "branch": null,
          "revision": "129fa838520cd02174f890ae0cfe0242e60714ae",
          "version": "2.1.0"
        }
      },
      {
        "package": "Teads",
        "repositoryURL": "https://github.com/teads/TeadsSDK-iOS",
        "state": {
          "branch": null,
          "revision": "28bd9f9bc88bca4783bccdd9e84054cd4e019321",
          "version": "5.1.2"
        }
      }
    ]
  },
  "version": 1
}
