{
  "object": {
    "pins": [
      {
        "package": "AppLovinSDK",
        "repositoryURL": "https://github.com/AppLovin/AppLovin-MAX-Swift-Package.git",
        "state": {
          "branch": null,
          "revision": "06302c1fa2973dadc8dc80c74001ace589083134",
          "version": "11.4.3"
        }
      },
      {
        "package": "GoogleAppMeasurement",
        "repositoryURL": "https://github.com/google/GoogleAppMeasurement.git",
        "state": {
          "branch": null,
          "revision": "192cce3e0486aecfdb61102a9c694c78dc89dc48",
          "version": "9.1.0"
        }
      },
      {
        "package": "GoogleUtilities",
        "repositoryURL": "https://github.com/google/GoogleUtilities.git",
        "state": {
          "branch": null,
          "revision": "f4abe56ce62a779e64b525eb133c8fc2a84bbc1f",
          "version": "7.7.1"
        }
      },
      {
        "package": "AppNexusSDK",
        "repositoryURL": "https://github.com/appnexus/mobile-sdk-ios",
        "state": {
          "branch": null,
          "revision": "6d3aa7f62c40f8f949fad09a5103c0e345deaef8",
          "version": "8.0.0"
        }
      },
      {
        "package": "nanopb",
        "repositoryURL": "https://github.com/firebase/nanopb.git",
        "state": {
          "branch": null,
          "revision": "819d0a2173aff699fb8c364b6fb906f7cdb1a692",
          "version": "2.30909.0"
        }
      },
      {
        "package": "Promises",
        "repositoryURL": "https://github.com/google/promises.git",
        "state": {
          "branch": null,
          "revision": "3e4e743631e86c8c70dbc6efdc7beaa6e90fd3bb",
          "version": "2.1.1"
        }
      },
      {
        "package": "GoogleMobileAds",
        "repositoryURL": "https://github.com/googleads/swift-package-manager-google-mobile-ads",
        "state": {
          "branch": null,
          "revision": "95850604e7a14973cdd0ad5b4bef7c1f61990ab3",
          "version": "9.6.0"
        }
      },
      {
        "package": "GoogleUserMessagingPlatform",
        "repositoryURL": "https://github.com/googleads/swift-package-manager-google-user-messaging-platform.git",
        "state": {
          "branch": null,
          "revision": "3b924ce3313a5fd2fc6a8dc889a8c38f76890fe3",
          "version": "2.0.0"
        }
      },
      {
        "package": "TeadsSDK",
        "repositoryURL": "https://github.com/teads/TeadsSDK-iOS",
        "state": {
          "branch": null,
          "revision": "06fc7904d45ad3eb9edd9e12b00e7b2a496f8df1",
          "version": "5.0.17"
        }
      }
    ]
  },
  "version": 1
}
